
Microsoft Visual Studio Solution File, Format Version 12.00
# Visual Studio Version 17
VisualStudioVersion = 17.14.36221.1 d17.14
MinimumVisualStudioVersion = 10.0.40219.1
Project("{FAE04EC0-301F-11D3-BF4B-00C04F79EFBC}") = "BaiTapFPT", "BaiTapFPT.csproj", "{052F61D6-0678-4311-A43D-E90AFB4A057A}"
EndProject
Global
	GlobalSection(SolutionConfigurationPlatforms) = preSolution
		Debug|Any CPU = Debug|Any CPU
		Release|Any CPU = Release|Any CPU
	EndGlobalSection
	GlobalSection(ProjectConfigurationPlatforms) = postSolution
		{052F61D6-0678-4311-A43D-E90AFB4A057A}.Debug|Any CPU.ActiveCfg = Debug|Any CPU
		{052F61D6-0678-4311-A43D-E90AFB4A057A}.Debug|Any CPU.Build.0 = Debug|Any CPU
		{052F61D6-0678-4311-A43D-E90AFB4A057A}.Release|Any CPU.ActiveCfg = Release|Any CPU
		{052F61D6-0678-4311-A43D-E90AFB4A057A}.Release|Any CPU.Build.0 = Release|Any CPU
	EndGlobalSection
	GlobalSection(SolutionProperties) = preSolution
		HideSolutionNode = FALSE
	EndGlobalSection
	GlobalSection(ExtensibilityGlobals) = postSolution
		SolutionGuid = {EA99D7B8-7FCB-43F5-ACCC-A157FC43A2BB}
	EndGlobalSection
EndGlobal
